
Microsoft Visual Studio Solution File, Format Version 12.00
Project("{FAE04EC0-301F-11D3-BF4B-00C04F79EFBC}") = "FiltersByCriteria", "src\FiltersByCriteria\FiltersByCriteria.csproj", "{3469419E-D83D-4392-99FA-DDC80E9DFB74}"
EndProject
Project("{2150E333-8FDC-42A3-9474-1A3956D46DE8}") = "src", "src", "{ABF745D7-F9BF-4CEE-8A12-DC03FAB68C9A}"
EndProject
Project("{2150E333-8FDC-42A3-9474-1A3956D46DE8}") = "test", "test", "{950BA3E7-4F83-4D34-B805-932683E66D11}"
EndProject
Project("{2150E333-8FDC-42A3-9474-1A3956D46DE8}") = "apps", "apps", "{FAC6329F-CCD7-4A81-98A8-802E3670FC31}"
EndProject
Project("{FAE04EC0-301F-11D3-BF4B-00C04F79EFBC}") = "WebApi", "apps\WebApi\WebApi.csproj", "{11098504-9570-4B5C-B131-89BFDEFCA220}"
EndProject
Project("{FAE04EC0-301F-11D3-BF4B-00C04F79EFBC}") = "FiltersByCriteria.Test.Src", "test\FiltersByCriteria.Test.Src\FiltersByCriteria.Test.Src.csproj", "{9E5F13D1-4D27-473B-9FB7-24732FAD5FED}"
EndProject
Global
	GlobalSection(SolutionConfigurationPlatforms) = preSolution
		Debug|Any CPU = Debug|Any CPU
		Release|Any CPU = Release|Any CPU
	EndGlobalSection
	GlobalSection(ProjectConfigurationPlatforms) = postSolution
		{3469419E-D83D-4392-99FA-DDC80E9DFB74}.Debug|Any CPU.ActiveCfg = Debug|Any CPU
		{3469419E-D83D-4392-99FA-DDC80E9DFB74}.Debug|Any CPU.Build.0 = Debug|Any CPU
		{3469419E-D83D-4392-99FA-DDC80E9DFB74}.Release|Any CPU.ActiveCfg = Release|Any CPU
		{3469419E-D83D-4392-99FA-DDC80E9DFB74}.Release|Any CPU.Build.0 = Release|Any CPU
		{11098504-9570-4B5C-B131-89BFDEFCA220}.Debug|Any CPU.ActiveCfg = Debug|Any CPU
		{11098504-9570-4B5C-B131-89BFDEFCA220}.Debug|Any CPU.Build.0 = Debug|Any CPU
		{11098504-9570-4B5C-B131-89BFDEFCA220}.Release|Any CPU.ActiveCfg = Release|Any CPU
		{11098504-9570-4B5C-B131-89BFDEFCA220}.Release|Any CPU.Build.0 = Release|Any CPU
		{9E5F13D1-4D27-473B-9FB7-24732FAD5FED}.Debug|Any CPU.ActiveCfg = Debug|Any CPU
		{9E5F13D1-4D27-473B-9FB7-24732FAD5FED}.Debug|Any CPU.Build.0 = Debug|Any CPU
		{9E5F13D1-4D27-473B-9FB7-24732FAD5FED}.Release|Any CPU.ActiveCfg = Release|Any CPU
		{9E5F13D1-4D27-473B-9FB7-24732FAD5FED}.Release|Any CPU.Build.0 = Release|Any CPU
	EndGlobalSection
	GlobalSection(NestedProjects) = preSolution
		{3469419E-D83D-4392-99FA-DDC80E9DFB74} = {ABF745D7-F9BF-4CEE-8A12-DC03FAB68C9A}
		{11098504-9570-4B5C-B131-89BFDEFCA220} = {FAC6329F-CCD7-4A81-98A8-802E3670FC31}
		{9E5F13D1-4D27-473B-9FB7-24732FAD5FED} = {950BA3E7-4F83-4D34-B805-932683E66D11}
	EndGlobalSection
EndGlobal
